// !$*UTF8*$!
{
	archiveVersion = 1;
	classes = {
	};
	objectVersion = 46;
	objects = {

/* Begin PBXBuildFile section */
		0921EBA531064D6F84E47296 /* libPods-serverConnector2.a in Frameworks */ = {isa = PBXBuildFile; fileRef = F0E95B1C83B30F2F4065A2AE /* libPods-serverConnector2.a */; };
		9638F18E1C99967A00FE384B /* main.m in Sources */ = {isa = PBXBuildFile; fileRef = 9638F18D1C99967A00FE384B /* main.m */; };
		9638F1911C99967A00FE384B /* AppDelegate.m in Sources */ = {isa = PBXBuildFile; fileRef = 9638F1901C99967A00FE384B /* AppDelegate.m */; };
		9638F1941C99967A00FE384B /* ViewController.m in Sources */ = {isa = PBXBuildFile; fileRef = 9638F1931C99967A00FE384B /* ViewController.m */; };
		9638F1971C99967A00FE384B /* Main.storyboard in Resources */ = {isa = PBXBuildFile; fileRef = 9638F1951C99967A00FE384B /* Main.storyboard */; };
		9638F1991C99967A00FE384B /* Assets.xcassets in Resources */ = {isa = PBXBuildFile; fileRef = 9638F1981C99967A00FE384B /* Assets.xcassets */; };
		9638F19C1C99967A00FE384B /* LaunchScreen.storyboard in Resources */ = {isa = PBXBuildFile; fileRef = 9638F19A1C99967A00FE384B /* LaunchScreen.storyboard */; };
		9638F1A41C99992200FE384B /* CoreFoundation.framework in Frameworks */ = {isa = PBXBuildFile; fileRef = 9638F1A31C99992200FE384B /* CoreFoundation.framework */; settings = {ATTRIBUTES = (Weak, ); }; };
		9638F1A71C9999DD00FE384B /* NetworkManager.m in Sources */ = {isa = PBXBuildFile; fileRef = 9638F1A61C9999DD00FE384B /* NetworkManager.m */; };
		9638F1B21C99C39300FE384B /* ConsoleManager.m in Sources */ = {isa = PBXBuildFile; fileRef = 9638F1B11C99C39300FE384B /* ConsoleManager.m */; };
		9638F1B61C9A164A00FE384B /* BoardsManager.m in Sources */ = {isa = PBXBuildFile; fileRef = 9638F1B51C9A164A00FE384B /* BoardsManager.m */; };
		9638F1B81C9AB74A00FE384B /* 421230451_2670649967595011914.jpg in Resources */ = {isa = PBXBuildFile; fileRef = 9638F1B71C9AB74A00FE384B /* 421230451_2670649967595011914.jpg */; };
/* End PBXBuildFile section */

/* Begin PBXFileReference section */
		6A0A93E3FBA73A92876277FC /* Pods-serverConnector2.release.xcconfig */ = {isa = PBXFileReference; includeInIndex = 1; lastKnownFileType = text.xcconfig; name = "Pods-serverConnector2.release.xcconfig"; path = "Pods/Target Support Files/Pods-serverConnector2/Pods-serverConnector2.release.xcconfig"; sourceTree = "<group>"; };
		89B24BA843E55A75951B216A /* Pods-serverConnector2.debug.xcconfig */ = {isa = PBXFileReference; includeInIndex = 1; lastKnownFileType = text.xcconfig; name = "Pods-serverConnector2.debug.xcconfig"; path = "Pods/Target Support Files/Pods-serverConnector2/Pods-serverConnector2.debug.xcconfig"; sourceTree = "<group>"; };
		9638F1891C99967A00FE384B /* serverConnector2.app */ = {isa = PBXFileReference; explicitFileType = wrapper.application; includeInIndex = 0; path = serverConnector2.app; sourceTree = BUILT_PRODUCTS_DIR; };
		9638F18D1C99967A00FE384B /* main.m */ = {isa = PBXFileReference; lastKnownFileType = sourcecode.c.objc; path = main.m; sourceTree = "<group>"; };
		9638F18F1C99967A00FE384B /* AppDelegate.h */ = {isa = PBXFileReference; lastKnownFileType = sourcecode.c.h; path = AppDelegate.h; sourceTree = "<group>"; };
		9638F1901C99967A00FE384B /* AppDelegate.m */ = {isa = PBXFileReference; lastKnownFileType = sourcecode.c.objc; path = AppDelegate.m; sourceTree = "<group>"; };
		9638F1921C99967A00FE384B /* ViewController.h */ = {isa = PBXFileReference; lastKnownFileType = sourcecode.c.h; path = ViewController.h; sourceTree = "<group>"; };
		9638F1931C99967A00FE384B /* ViewController.m */ = {isa = PBXFileReference; lastKnownFileType = sourcecode.c.objc; path = ViewController.m; sourceTree = "<group>"; };
		9638F1961C99967A00FE384B /* Base */ = {isa = PBXFileReference; lastKnownFileType = file.storyboard; name = Base; path = Base.lproj/Main.storyboard; sourceTree = "<group>"; };
		9638F1981C99967A00FE384B /* Assets.xcassets */ = {isa = PBXFileReference; lastKnownFileType = folder.assetcatalog; path = Assets.xcassets; sourceTree = "<group>"; };
		9638F19B1C99967A00FE384B /* Base */ = {isa = PBXFileReference; lastKnownFileType = file.storyboard; name = Base; path = Base.lproj/LaunchScreen.storyboard; sourceTree = "<group>"; };
		9638F19D1C99967A00FE384B /* Info.plist */ = {isa = PBXFileReference; lastKnownFileType = text.plist.xml; path = Info.plist; sourceTree = "<group>"; };
		9638F1A31C99992200FE384B /* CoreFoundation.framework */ = {isa = PBXFileReference; lastKnownFileType = wrapper.framework; name = CoreFoundation.framework; path = System/Library/Frameworks/CoreFoundation.framework; sourceTree = SDKROOT; };
		9638F1A51C9999DD00FE384B /* NetworkManager.h */ = {isa = PBXFileReference; fileEncoding = 4; lastKnownFileType = sourcecode.c.h; path = NetworkManager.h; sourceTree = "<group>"; };
		9638F1A61C9999DD00FE384B /* NetworkManager.m */ = {isa = PBXFileReference; fileEncoding = 4; lastKnownFileType = sourcecode.c.objc; path = NetworkManager.m; sourceTree = "<group>"; };
		9638F1B01C99C39300FE384B /* ConsoleManager.h */ = {isa = PBXFileReference; fileEncoding = 4; lastKnownFileType = sourcecode.c.h; path = ConsoleManager.h; sourceTree = "<group>"; };
		9638F1B11C99C39300FE384B /* ConsoleManager.m */ = {isa = PBXFileReference; fileEncoding = 4; lastKnownFileType = sourcecode.c.objc; path = ConsoleManager.m; sourceTree = "<group>"; };
		9638F1B41C9A164A00FE384B /* BoardsManager.h */ = {isa = PBXFileReference; fileEncoding = 4; lastKnownFileType = sourcecode.c.h; path = BoardsManager.h; sourceTree = "<group>"; };
		9638F1B51C9A164A00FE384B /* BoardsManager.m */ = {isa = PBXFileReference; fileEncoding = 4; lastKnownFileType = sourcecode.c.objc; path = BoardsManager.m; sourceTree = "<group>"; };
		9638F1B71C9AB74A00FE384B /* 421230451_2670649967595011914.jpg */ = {isa = PBXFileReference; lastKnownFileType = image.jpeg; name = 421230451_2670649967595011914.jpg; path = "../../../../../Desktop/Pier/NOBACKUP/Web Downloads/421230451_2670649967595011914.jpg"; sourceTree = "<group>"; };
		F0E95B1C83B30F2F4065A2AE /* libPods-serverConnector2.a */ = {isa = PBXFileReference; explicitFileType = archive.ar; includeInIndex = 0; path = "libPods-serverConnector2.a"; sourceTree = BUILT_PRODUCTS_DIR; };
/* End PBXFileReference section */

/* Begin PBXFrameworksBuildPhase section */
		9638F1861C99967A00FE384B /* Frameworks */ = {
			isa = PBXFrameworksBuildPhase;
			buildActionMask = 2147483647;
			files = (
				9638F1A41C99992200FE384B /* CoreFoundation.framework in Frameworks */,
				0921EBA531064D6F84E47296 /* libPods-serverConnector2.a in Frameworks */,
			);
			runOnlyForDeploymentPostprocessing = 0;
		};
/* End PBXFrameworksBuildPhase section */

/* Begin PBXGroup section */
		6ADA77AE9BC55228A9B92C6A /* Frameworks */ = {
			isa = PBXGroup;
			children = (
				9638F1A31C99992200FE384B /* CoreFoundation.framework */,
				F0E95B1C83B30F2F4065A2AE /* libPods-serverConnector2.a */,
			);
			name = Frameworks;
			sourceTree = "<group>";
		};
		9638F1801C99967A00FE384B = {
			isa = PBXGroup;
			children = (
				9638F1B71C9AB74A00FE384B /* 421230451_2670649967595011914.jpg */,
				9638F18B1C99967A00FE384B /* serverConnector2 */,
				9638F18A1C99967A00FE384B /* Products */,
				AF643BED61BEB5E52212EFCA /* Pods */,
				6ADA77AE9BC55228A9B92C6A /* Frameworks */,
			);
			sourceTree = "<group>";
		};
		9638F18A1C99967A00FE384B /* Products */ = {
			isa = PBXGroup;
			children = (
				9638F1891C99967A00FE384B /* serverConnector2.app */,
			);
			name = Products;
			sourceTree = "<group>";
		};
		9638F18B1C99967A00FE384B /* serverConnector2 */ = {
			isa = PBXGroup;
			children = (
				9638F18F1C99967A00FE384B /* AppDelegate.h */,
				9638F1901C99967A00FE384B /* AppDelegate.m */,
				9638F1921C99967A00FE384B /* ViewController.h */,
				9638F1931C99967A00FE384B /* ViewController.m */,
				9638F1A51C9999DD00FE384B /* NetworkManager.h */,
				9638F1A61C9999DD00FE384B /* NetworkManager.m */,
				9638F1B01C99C39300FE384B /* ConsoleManager.h */,
				9638F1B11C99C39300FE384B /* ConsoleManager.m */,
				9638F1B41C9A164A00FE384B /* BoardsManager.h */,
				9638F1B51C9A164A00FE384B /* BoardsManager.m */,
				9638F1951C99967A00FE384B /* Main.storyboard */,
				9638F1981C99967A00FE384B /* Assets.xcassets */,
				9638F19A1C99967A00FE384B /* LaunchScreen.storyboard */,
				9638F19D1C99967A00FE384B /* Info.plist */,
				9638F18C1C99967A00FE384B /* Supporting Files */,
			);
			path = serverConnector2;
			sourceTree = "<group>";
		};
		9638F18C1C99967A00FE384B /* Supporting Files */ = {
			isa = PBXGroup;
			children = (
				9638F18D1C99967A00FE384B /* main.m */,
			);
			name = "Supporting Files";
			sourceTree = "<group>";
		};
		AF643BED61BEB5E52212EFCA /* Pods */ = {
			isa = PBXGroup;
			children = (
				89B24BA843E55A75951B216A /* Pods-serverConnector2.debug.xcconfig */,
				6A0A93E3FBA73A92876277FC /* Pods-serverConnector2.release.xcconfig */,
			);
			name = Pods;
			sourceTree = "<group>";
		};
/* End PBXGroup section */

/* Begin PBXNativeTarget section */
		9638F1881C99967A00FE384B /* serverConnector2 */ = {
			isa = PBXNativeTarget;
			buildConfigurationList = 9638F1A01C99967B00FE384B /* Build configuration list for PBXNativeTarget "serverConnector2" */;
			buildPhases = (
				BA28F860A7427BC05D24F921 /* Check Pods Manifest.lock */,
				9638F1851C99967A00FE384B /* Sources */,
				9638F1861C99967A00FE384B /* Frameworks */,
				9638F1871C99967A00FE384B /* Resources */,
				3CE5DBAF4F0B80586780029C /* Embed Pods Frameworks */,
				7671711CAE01E68460F8D500 /* Copy Pods Resources */,
			);
			buildRules = (
			);
			dependencies = (
			);
			name = serverConnector2;
			productName = serverConnector2;
			productReference = 9638F1891C99967A00FE384B /* serverConnector2.app */;
			productType = "com.apple.product-type.application";
		};
/* End PBXNativeTarget section */

/* Begin PBXProject section */
		9638F1811C99967A00FE384B /* Project object */ = {
			isa = PBXProject;
			attributes = {
				LastUpgradeCheck = 0720;
				ORGANIZATIONNAME = binaryfutures;
				TargetAttributes = {
					9638F1881C99967A00FE384B = {
						CreatedOnToolsVersion = 7.2.1;
					};
				};
			};
			buildConfigurationList = 9638F1841C99967A00FE384B /* Build configuration list for PBXProject "serverConnector2" */;
			compatibilityVersion = "Xcode 3.2";
			developmentRegion = English;
			hasScannedForEncodings = 0;
			knownRegions = (
				en,
				Base,
			);
			mainGroup = 9638F1801C99967A00FE384B;
			productRefGroup = 9638F18A1C99967A00FE384B /* Products */;
			projectDirPath = "";
			projectRoot = "";
			targets = (
				9638F1881C99967A00FE384B /* serverConnector2 */,
			);
		};
/* End PBXProject section */

/* Begin PBXResourcesBuildPhase section */
		9638F1871C99967A00FE384B /* Resources */ = {
			isa = PBXResourcesBuildPhase;
			buildActionMask = 2147483647;
			files = (
				9638F1B81C9AB74A00FE384B /* 421230451_2670649967595011914.jpg in Resources */,
				9638F19C1C99967A00FE384B /* LaunchScreen.storyboard in Resources */,
				9638F1991C99967A00FE384B /* Assets.xcassets in Resources */,
				9638F1971C99967A00FE384B /* Main.storyboard in Resources */,
			);
			runOnlyForDeploymentPostprocessing = 0;
		};
/* End PBXResourcesBuildPhase section */

/* Begin PBXShellScriptBuildPhase section */
		3CE5DBAF4F0B80586780029C /* Embed Pods Frameworks */ = {
			isa = PBXShellScriptBuildPhase;
			buildActionMask = 2147483647;
			files = (
			);
			inputPaths = (
			);
			name = "Embed Pods Frameworks";
			outputPaths = (
			);
			runOnlyForDeploymentPostprocessing = 0;
			shellPath = /bin/sh;
			shellScript = "\"${SRCROOT}/Pods/Target Support Files/Pods-serverConnector2/Pods-serverConnector2-frameworks.sh\"\n";
			showEnvVarsInLog = 0;
		};
		7671711CAE01E68460F8D500 /* Copy Pods Resources */ = {
			isa = PBXShellScriptBuildPhase;
			buildActionMask = 2147483647;
			files = (
			);
			inputPaths = (
			);
			name = "Copy Pods Resources";
			outputPaths = (
			);
			runOnlyForDeploymentPostprocessing = 0;
			shellPath = /bin/sh;
			shellScript = "\"${SRCROOT}/Pods/Target Support Files/Pods-serverConnector2/Pods-serverConnector2-resources.sh\"\n";
			showEnvVarsInLog = 0;
		};
		BA28F860A7427BC05D24F921 /* Check Pods Manifest.lock */ = {
			isa = PBXShellScriptBuildPhase;
			buildActionMask = 2147483647;
			files = (
			);
			inputPaths = (
			);
			name = "Check Pods Manifest.lock";
			outputPaths = (
			);
			runOnlyForDeploymentPostprocessing = 0;
			shellPath = /bin/sh;
			shellScript = "diff \"${PODS_ROOT}/../Podfile.lock\" \"${PODS_ROOT}/Manifest.lock\" > /dev/null\nif [[ $? != 0 ]] ; then\n    cat << EOM\nerror: The sandbox is not in sync with the Podfile.lock. Run 'pod install' or update your CocoaPods installation.\nEOM\n    exit 1\nfi\n";
			showEnvVarsInLog = 0;
		};
/* End PBXShellScriptBuildPhase section */

/* Begin PBXSourcesBuildPhase section */
		9638F1851C99967A00FE384B /* Sources */ = {
			isa = PBXSourcesBuildPhase;
			buildActionMask = 2147483647;
			files = (
				9638F1B61C9A164A00FE384B /* BoardsManager.m in Sources */,
				9638F1A71C9999DD00FE384B /* NetworkManager.m in Sources */,
				9638F1941C99967A00FE384B /* ViewController.m in Sources */,
				9638F1B21C99C39300FE384B /* ConsoleManager.m in Sources */,
				9638F1911C99967A00FE384B /* AppDelegate.m in Sources */,
				9638F18E1C99967A00FE384B /* main.m in Sources */,
			);
			runOnlyForDeploymentPostprocessing = 0;
		};
/* End PBXSourcesBuildPhase section */

/* Begin PBXVariantGroup section */
		9638F1951C99967A00FE384B /* Main.storyboard */ = {
			isa = PBXVariantGroup;
			children = (
				9638F1961C99967A00FE384B /* Base */,
			);
			name = Main.storyboard;
			sourceTree = "<group>";
		};
		9638F19A1C99967A00FE384B /* LaunchScreen.storyboard */ = {
			isa = PBXVariantGroup;
			children = (
				9638F19B1C99967A00FE384B /* Base */,
			);
			name = LaunchScreen.storyboard;
			sourceTree = "<group>";
		};
/* End PBXVariantGroup section */

/* Begin XCBuildConfiguration section */
		9638F19E1C99967A00FE384B /* Debug */ = {
			isa = XCBuildConfiguration;
			buildSettings = {
				ALWAYS_SEARCH_USER_PATHS = NO;
				CLANG_CXX_LANGUAGE_STANDARD = "gnu++0x";
				CLANG_CXX_LIBRARY = "libc++";
				CLANG_ENABLE_MODULES = YES;
				CLANG_ENABLE_OBJC_ARC = YES;
				CLANG_WARN_BOOL_CONVERSION = YES;
				CLANG_WARN_CONSTANT_CONVERSION = YES;
				CLANG_WARN_DIRECT_OBJC_ISA_USAGE = YES_ERROR;
				CLANG_WARN_EMPTY_BODY = YES;
				CLANG_WARN_ENUM_CONVERSION = YES;
				CLANG_WARN_INT_CONVERSION = YES;
				CLANG_WARN_OBJC_ROOT_CLASS = YES_ERROR;
				CLANG_WARN_UNREACHABLE_CODE = YES;
				CLANG_WARN__DUPLICATE_METHOD_MATCH = YES;
				"CODE_SIGN_IDENTITY[sdk=iphoneos*]" = "iPhone Developer";
				COPY_PHASE_STRIP = NO;
				DEBUG_INFORMATION_FORMAT = dwarf;
				ENABLE_STRICT_OBJC_MSGSEND = YES;
				ENABLE_TESTABILITY = YES;
				GCC_C_LANGUAGE_STANDARD = gnu99;
				GCC_DYNAMIC_NO_PIC = NO;
				GCC_NO_COMMON_BLOCKS = YES;
				GCC_OPTIMIZATION_LEVEL = 0;
				GCC_PREPROCESSOR_DEFINITIONS = (
					"DEBUG=1",
					"$(inherited)",
				);
				GCC_WARN_64_TO_32_BIT_CONVERSION = YES;
				GCC_WARN_ABOUT_RETURN_TYPE = YES_ERROR;
				GCC_WARN_UNDECLARED_SELECTOR = YES;
				GCC_WARN_UNINITIALIZED_AUTOS = YES_AGGRESSIVE;
				GCC_WARN_UNUSED_FUNCTION = YES;
				GCC_WARN_UNUSED_VARIABLE = YES;
				IPHONEOS_DEPLOYMENT_TARGET = 9.2;
				MTL_ENABLE_DEBUG_INFO = YES;
				ONLY_ACTIVE_ARCH = YES;
				SDKROOT = iphoneos;
				TARGETED_DEVICE_FAMILY = "1,2";
			};
			name = Debug;
		};
		9638F19F1C99967A00FE384B /* Release */ = {
			isa = XCBuildConfiguration;
			buildSettings = {
				ALWAYS_SEARCH_USER_PATHS = NO;
				CLANG_CXX_LANGUAGE_STANDARD = "gnu++0x";
				CLANG_CXX_LIBRARY = "libc++";
				CLANG_ENABLE_MODULES = YES;
				CLANG_ENABLE_OBJC_ARC = YES;
				CLANG_WARN_BOOL_CONVERSION = YES;
				CLANG_WARN_CONSTANT_CONVERSION = YES;
				CLANG_WARN_DIRECT_OBJC_ISA_USAGE = YES_ERROR;
				CLANG_WARN_EMPTY_BODY = YES;
				CLANG_WARN_ENUM_CONVERSION = YES;
				CLANG_WARN_INT_CONVERSION = YES;
				CLANG_WARN_OBJC_ROOT_CLASS = YES_ERROR;
				CLANG_WARN_UNREACHABLE_CODE = YES;
				CLANG_WARN__DUPLICATE_METHOD_MATCH = YES;
				"CODE_SIGN_IDENTITY[sdk=iphoneos*]" = "iPhone Developer";
				COPY_PHASE_STRIP = NO;
				DEBUG_INFORMATION_FORMAT = "dwarf-with-dsym";
				ENABLE_NS_ASSERTIONS = NO;
				ENABLE_STRICT_OBJC_MSGSEND = YES;
				GCC_C_LANGUAGE_STANDARD = gnu99;
				GCC_NO_COMMON_BLOCKS = YES;
				GCC_WARN_64_TO_32_BIT_CONVERSION = YES;
				GCC_WARN_ABOUT_RETURN_TYPE = YES_ERROR;
				GCC_WARN_UNDECLARED_SELECTOR = YES;
				GCC_WARN_UNINITIALIZED_AUTOS = YES_AGGRESSIVE;
				GCC_WARN_UNUSED_FUNCTION = YES;
				GCC_WARN_UNUSED_VARIABLE = YES;
				IPHONEOS_DEPLOYMENT_TARGET = 9.2;
				MTL_ENABLE_DEBUG_INFO = NO;
				SDKROOT = iphoneos;
				TARGETED_DEVICE_FAMILY = "1,2";
				VALIDATE_PRODUCT = YES;
			};
			name = Release;
		};
		9638F1A11C99967B00FE384B /* Debug */ = {
			isa = XCBuildConfiguration;
			baseConfigurationReference = 89B24BA843E55A75951B216A /* Pods-serverConnector2.debug.xcconfig */;
			buildSettings = {
				ASSETCATALOG_COMPILER_APPICON_NAME = AppIcon;
				INFOPLIST_FILE = serverConnector2/Info.plist;
				IPHONEOS_DEPLOYMENT_TARGET = 8.1;
				LD_RUNPATH_SEARCH_PATHS = "$(inherited) @executable_path/Frameworks";
				PRODUCT_BUNDLE_IDENTIFIER = pierdr.serverConnector2;
				PRODUCT_NAME = "$(TARGET_NAME)";
			};
			name = Debug;
		};
		9638F1A21C99967B00FE384B /* Release */ = {
			isa = XCBuildConfiguration;
			baseConfigurationReference = 6A0A93E3FBA73A92876277FC /* Pods-serverConnector2.release.xcconfig */;
			buildSettings = {
				ASSETCATALOG_COMPILER_APPICON_NAME = AppIcon;
				INFOPLIST_FILE = serverConnector2/Info.plist;
				IPHONEOS_DEPLOYMENT_TARGET = 8.1;
				LD_RUNPATH_SEARCH_PATHS = "$(inherited) @executable_path/Frameworks";
				PRODUCT_BUNDLE_IDENTIFIER = pierdr.serverConnector2;
				PRODUCT_NAME = "$(TARGET_NAME)";
			};
			name = Release;
		};
/* End XCBuildConfiguration section */

/* Begin XCConfigurationList section */
		9638F1841C99967A00FE384B /* Build configuration list for PBXProject "serverConnector2" */ = {
			isa = XCConfigurationList;
			buildConfigurations = (
				9638F19E1C99967A00FE384B /* Debug */,
				9638F19F1C99967A00FE384B /* Release */,
			);
			defaultConfigurationIsVisible = 0;
			defaultConfigurationName = Release;
		};
		9638F1A01C99967B00FE384B /* Build configuration list for PBXNativeTarget "serverConnector2" */ = {
			isa = XCConfigurationList;
			buildConfigurations = (
				9638F1A11C99967B00FE384B /* Debug */,
				9638F1A21C99967B00FE384B /* Release */,
			);
			defaultConfigurationIsVisible = 0;
			defaultConfigurationName = Release;
		};
/* End XCConfigurationList section */
	};
	rootObject = 9638F1811C99967A00FE384B /* Project object */;
}
